PODS:
  - camera_avfoundation (0.0.1):
    - Flutter
  - Flutter (1.0.0)
  - motion_sensors (0.0.1):
    - Flutter
  - photo_manager (2.0.0):
    - Flutter
    - FlutterMacOS
  - sensors_plus (0.0.1):
    - Flutter

DEPENDENCIES:
  - camera_avfoundation (from `.symlinks/plugins/camera_avfoundation/ios`)
  - Flutter (from `Flutter`)
  - motion_sensors (from `.symlinks/plugins/motion_sensors/ios`)
  - photo_manager (from `.symlinks/plugins/photo_manager/ios`)
  - sensors_plus (from `.symlinks/plugins/sensors_plus/ios`)

EXTERNAL SOURCES:
  camera_avfoundation:
    :path: ".symlinks/plugins/camera_avfoundation/ios"
  Flutter:
    :path: Flutter
  motion_sensors:
    :path: ".symlinks/plugins/motion_sensors/ios"
  photo_manager:
    :path: ".symlinks/plugins/photo_manager/ios"
  sensors_plus:
    :path: ".symlinks/plugins/sensors_plus/ios"

SPEC CHECKSUMS:
  camera_avfoundation: 07c77549ea54ad95d8581be86617c094a46280d9
  Flutter: f04841e97a9d0b0a8025694d0796dd46242b2854
  motion_sensors: 03f55b7c637a7e365a0b5f9697a449f9059d5d91
  photo_manager: 4f6810b7dfc4feb03b461ac1a70dacf91fba7604
  sensors_plus: 5717760720f7e6acd96fdbd75b7428f5ad755ec2

PODFILE CHECKSUM: 6d989b2a230232bcc0a5158aa4c0c4ecbc6046b6

COCOAPODS: 1.11.3
